{
  "version": "5",
  "specifiers": {
    "jsr:@hono/hono@^4.9.9": "4.9.9",
    "npm:@types/node@*": "24.2.0"
  },
  "jsr": {
    "@hono/hono@4.9.9": {
      "integrity": "1d716e97b71e91b852c70beb85c9d3b236393282c59d5e268b07cfd224a77318"
    }
  },
  "npm": {
    "@types/node@24.2.0": {
      "integrity": "sha512-3xyG3pMCq3oYCNg7/ZP+E1ooTaGB4cG8JWRsqqOYQdbWNY4zbaV0Ennrd7stjiJEFZCaybcIgpTjJWHRfBSIDw==",
      "dependencies": [
        "undici-types"
      ]
    },
    "undici-types@7.10.0": {
      "integrity": "sha512-t5Fy/nfn+14LuOc2KNYg75vZqClpAiqscVvMygNnlsHBFpSXdJaYtXMcdNLpl/Qvc3P2cB3s6lOV51nqsFq4ag=="
    }
  },
  "workspace": {
    "dependencies": [
      "jsr:@hono/hono@^4.9.9"
    ]
  }
}
