{
  "version": "5",
  "specifiers": {
    "jsr:@hono/hono@^4.9.9": "4.9.10",
    "npm:@types/node@*": "24.2.0"
  },
  "jsr": {
    "@hono/hono@4.9.10": {
      "integrity": "b416cf3bf42e33353e37ea13df409b08bd9a67fabc5fca630f76924fbadb01e5"
    }
  },
  "npm": {
    "@types/node@24.2.0": {
      "integrity": "sha512-3xyG3pMCq3oYCNg7/ZP+E1ooTaGB4cG8JWRsqqOYQdbWNY4zbaV0Ennrd7stjiJEFZCaybcIgpTjJWHRfBSIDw==",
      "dependencies": [
        "undici-types"
      ]
    },
    "undici-types@7.10.0": {
      "integrity": "sha512-t5Fy/nfn+14LuOc2KNYg75vZqClpAiqscVvMygNnlsHBFpSXdJaYtXMcdNLpl/Qvc3P2cB3s6lOV51nqsFq4ag=="
    }
  },
  "remote": {
    "https://raw.githubusercontent.com/solidsnail/my-app/refs/heads/master/library/htmx/index.tsx": "cc9ae297571f16684983bb914b7e764a3abdb609879418171fa3182749de0451",
    "https://raw.githubusercontent.com/solidsnail/my-app/refs/heads/master/library/modules/api.tsx": "477b124ae9cf0aa2e8750517b073365a553651be6d8b6f5f0018ca0a4fbd98cf",
    "https://raw.githubusercontent.com/solidsnail/my-app/refs/heads/master/library/modules/application.tsx": "45df4933f4200eab571da82573acaa71c1e0c53aac5068fbbab96523208d74d6",
    "https://raw.githubusercontent.com/solidsnail/my-app/refs/heads/master/library/modules/component.tsx": "73a5d33f41cdfa1d27bef9e9dfec07127e3c03e250533972cacaa9d77508859e",
    "https://raw.githubusercontent.com/solidsnail/my-app/refs/heads/master/library/modules/page.tsx": "82861d3b2bb1b2195263827c27b2e77d0be73cd780fd8d1aca095afc4e699089",
    "https://raw.githubusercontent.com/solidsnail/my-app/refs/heads/master/library/modules/theme.tsx": "01645f9d1fe63c50e51ba3c3f65593b4e9b9c1f9167d4c3ae131ca187f8cf3c7",
    "https://raw.githubusercontent.com/solidsnail/my-app/refs/heads/master/library/ui/index.tsx": "8c1762e1045e552f6e5ae0d56740ce12e9510015a905a8a7328ce08b4b6a32d5"
  },
  "workspace": {
    "dependencies": [
      "jsr:@hono/hono@^4.9.9"
    ]
  }
}
